<Solution>
  <Folder Name="/src/">
    <Project Path="src/Jarvis.App/Jarvis.App.csproj" />
    <Project Path="src/Jarvis.Codex/Jarvis.Codex.csproj" />
    <Project Path="src/Jarvis.Core/Jarvis.Core.csproj" />
  </Folder>
  <Folder Name="/tests/">
    <Project Path="tests/Jarvis.AcceptanceTests/Jarvis.AcceptanceTests.csproj" />
  </Folder>
</Solution>
